
Microsoft Visual Studio Solution File, Format Version 12.00
# Visual Studio Version 17
VisualStudioVersion = 17.3.32804.467
MinimumVisualStudioVersion = 10.0.40219.1
Project("{9A19103F-16F7-4668-BE54-9A1E7A4F7556}") = "backend", "backend\backend.csproj", "{FCCB2C17-FE73-4DA9-A184-21326E618ADA}"
EndProject
Project("{FAE04EC0-301F-11D3-BF4B-00C04F79EFBC}") = "frontend", "frontend\frontend.csproj", "{1633C6C0-3FA2-4F9F-9789-BD39D150DA1C}"
EndProject
Global
	GlobalSection(SolutionConfigurationPlatforms) = preSolution
		Debug|Any CPU = Debug|Any CPU
		Release|Any CPU = Release|Any CPU
	EndGlobalSection
	GlobalSection(ProjectConfigurationPlatforms) = postSolution
		{FCCB2C17-FE73-4DA9-A184-21326E618ADA}.Debug|Any CPU.ActiveCfg = Debug|Any CPU
		{FCCB2C17-FE73-4DA9-A184-21326E618ADA}.Debug|Any CPU.Build.0 = Debug|Any CPU
		{FCCB2C17-FE73-4DA9-A184-21326E618ADA}.Release|Any CPU.ActiveCfg = Release|Any CPU
		{FCCB2C17-FE73-4DA9-A184-21326E618ADA}.Release|Any CPU.Build.0 = Release|Any CPU
		{1633C6C0-3FA2-4F9F-9789-BD39D150DA1C}.Debug|Any CPU.ActiveCfg = Debug|Any CPU
		{1633C6C0-3FA2-4F9F-9789-BD39D150DA1C}.Debug|Any CPU.Build.0 = Debug|Any CPU
		{1633C6C0-3FA2-4F9F-9789-BD39D150DA1C}.Release|Any CPU.ActiveCfg = Release|Any CPU
		{1633C6C0-3FA2-4F9F-9789-BD39D150DA1C}.Release|Any CPU.Build.0 = Release|Any CPU
	EndGlobalSection
	GlobalSection(SolutionProperties) = preSolution
		HideSolutionNode = FALSE
	EndGlobalSection
	GlobalSection(ExtensibilityGlobals) = postSolution
		SolutionGuid = {D585EDDA-9F9E-49AB-903B-01B468CE531E}
	EndGlobalSection
EndGlobal
